
Microsoft Visual Studio Solution File, Format Version 12.00
Project("{FAE04EC0-301F-11D3-BF4B-00C04F79EFBC}") = "FNAFJumpscare", "FNAFJumpscare\FNAFJumpscare.csproj", "{937DEF36-075B-4FAD-A524-97C21A14429F}"
EndProject
Global
	GlobalSection(SolutionConfigurationPlatforms) = preSolution
		Debug|Any CPU = Debug|Any CPU
		Release|Any CPU = Release|Any CPU
	EndGlobalSection
	GlobalSection(ProjectConfigurationPlatforms) = postSolution
		{937DEF36-075B-4FAD-A524-97C21A14429F}.Debug|Any CPU.ActiveCfg = Debug|Any CPU
		{937DEF36-075B-4FAD-A524-97C21A14429F}.Debug|Any CPU.Build.0 = Debug|Any CPU
		{937DEF36-075B-4FAD-A524-97C21A14429F}.Release|Any CPU.ActiveCfg = Release|Any CPU
		{937DEF36-075B-4FAD-A524-97C21A14429F}.Release|Any CPU.Build.0 = Release|Any CPU
	EndGlobalSection
EndGlobal
